
Microsoft Visual Studio Solution File, Format Version 12.00
# Visual Studio Version 17
VisualStudioVersion = 17.14.36717.8 d17.14
MinimumVisualStudioVersion = 10.0.40219.1
Project("{8BC9CEB8-8B4A-11D0-8D11-00A0C91BC942}") = "RockPaperScissors", "RockPaperScissors\RockPaperScissors.vcxproj", "{95B2ABB0-BF4D-48EE-9F9D-D68484DB2CA5}"
EndProject
Global
	GlobalSection(SolutionConfigurationPlatforms) = preSolution
		Debug|x64 = Debug|x64
		Debug|x86 = Debug|x86
		Release|x64 = Release|x64
		Release|x86 = Release|x86
	EndGlobalSection
	GlobalSection(ProjectConfigurationPlatforms) = postSolution
		{95B2ABB0-BF4D-48EE-9F9D-D68484DB2CA5}.Debug|x64.ActiveCfg = Debug|x64
		{95B2ABB0-BF4D-48EE-9F9D-D68484DB2CA5}.Debug|x64.Build.0 = Debug|x64
		{95B2ABB0-BF4D-48EE-9F9D-D68484DB2CA5}.Debug|x86.ActiveCfg = Debug|Win32
		{95B2ABB0-BF4D-48EE-9F9D-D68484DB2CA5}.Debug|x86.Build.0 = Debug|Win32
		{95B2ABB0-BF4D-48EE-9F9D-D68484DB2CA5}.Release|x64.ActiveCfg = Release|x64
		{95B2ABB0-BF4D-48EE-9F9D-D68484DB2CA5}.Release|x64.Build.0 = Release|x64
		{95B2ABB0-BF4D-48EE-9F9D-D68484DB2CA5}.Release|x86.ActiveCfg = Release|Win32
		{95B2ABB0-BF4D-48EE-9F9D-D68484DB2CA5}.Release|x86.Build.0 = Release|Win32
	EndGlobalSection
	GlobalSection(SolutionProperties) = preSolution
		HideSolutionNode = FALSE
	EndGlobalSection
	GlobalSection(ExtensibilityGlobals) = postSolution
		SolutionGuid = {8FB22301-61FD-4F4A-A8F2-7A8C99F8AE10}
	EndGlobalSection
EndGlobal
